
Microsoft Visual Studio Solution File, Format Version 12.00
# Visual Studio Version 17
VisualStudioVersion = 17.5.002.0
MinimumVisualStudioVersion = 10.0.40219.1
Project("{9A19103F-16F7-4668-BE54-9A1E7A4F7556}") = "WebApi", "WebApi.csproj", "{86E813CE-FF9A-489C-9392-BAD00108615C}"
EndProject
Global
	GlobalSection(SolutionConfigurationPlatforms) = preSolution
		Debug|Any CPU = Debug|Any CPU
		Release|Any CPU = Release|Any CPU
	EndGlobalSection
	GlobalSection(ProjectConfigurationPlatforms) = postSolution
		{86E813CE-FF9A-489C-9392-BAD00108615C}.Debug|Any CPU.ActiveCfg = Debug|Any CPU
		{86E813CE-FF9A-489C-9392-BAD00108615C}.Debug|Any CPU.Build.0 = Debug|Any CPU
		{86E813CE-FF9A-489C-9392-BAD00108615C}.Release|Any CPU.ActiveCfg = Release|Any CPU
		{86E813CE-FF9A-489C-9392-BAD00108615C}.Release|Any CPU.Build.0 = Release|Any CPU
	EndGlobalSection
	GlobalSection(SolutionProperties) = preSolution
		HideSolutionNode = FALSE
	EndGlobalSection
	GlobalSection(ExtensibilityGlobals) = postSolution
		SolutionGuid = {6B9BAC1A-E7F3-41DF-8C8B-1C01D5584832}
	EndGlobalSection
EndGlobal
